github.com/lopnur/lnutils v0.0.0-20180807123251-aa014ce4b5df h1:cXPcGWkCRm6uyUYdK4IPFo7lyuPnMHVnEq4+2eLwQ5g=
github.com/lopnur/lnutils v0.0.0-20180807123251-aa014ce4b5df/go.mod h1:UrdNx6rjHPE4ldfxWF44UGUGqBl5jP3qOxi9vQi94vg=
golang.org/x/crypto v0.0.0-20180723164146-c126467f60eb/go.mod h1:6SG95UA2DQfeDnfUPMdvaQW0Q7yPrPDi9nlGo2tz2b4=
